// !$*UTF8*$!
{
	archiveVersion = 1;
	classes = {
	};
	objectVersion = 56;
	objects = {

/* Begin PBXBuildFile section */
		5255822729CD3B4E00E3C39F /* LandmarksApp.swift in Sources */ = {isa = PBXBuildFile; fileRef = 5255822629CD3B4E00E3C39F /* LandmarksApp.swift */; };
		5255822929CD3B4E00E3C39F /* ContentView.swift in Sources */ = {isa = PBXBuildFile; fileRef = 5255822829CD3B4E00E3C39F /* ContentView.swift */; };
		5255822B29CD3B5000E3C39F /* Assets.xcassets in Resources */ = {isa = PBXBuildFile; fileRef = 5255822A29CD3B5000E3C39F /* Assets.xcassets */; };
		5255822E29CD3B5000E3C39F /* Preview Assets.xcassets in Resources */ = {isa = PBXBuildFile; fileRef = 5255822D29CD3B5000E3C39F /* Preview Assets.xcassets */; };
		5255823829CD3B5000E3C39F /* LandmarksTests.swift in Sources */ = {isa = PBXBuildFile; fileRef = 5255823729CD3B5000E3C39F /* LandmarksTests.swift */; };
		5255824229CD3B5000E3C39F /* LandmarksUITests.swift in Sources */ = {isa = PBXBuildFile; fileRef = 5255824129CD3B5000E3C39F /* LandmarksUITests.swift */; };
		5255824429CD3B5000E3C39F /* LandmarksUITestsLaunchTests.swift in Sources */ = {isa = PBXBuildFile; fileRef = 5255824329CD3B5000E3C39F /* LandmarksUITestsLaunchTests.swift */; };
		5255825129CD416900E3C39F /* CircleImage.swift in Sources */ = {isa = PBXBuildFile; fileRef = 5255825029CD416900E3C39F /* CircleImage.swift */; };
		5255825329CD427300E3C39F /* MapView.swift in Sources */ = {isa = PBXBuildFile; fileRef = 5255825229CD427300E3C39F /* MapView.swift */; };
		5255825529CD47EF00E3C39F /* landmarkData.json in Resources */ = {isa = PBXBuildFile; fileRef = 5255825429CD47EF00E3C39F /* landmarkData.json */; };
		5255825729CD483D00E3C39F /* Landmark.swift in Sources */ = {isa = PBXBuildFile; fileRef = 5255825629CD483D00E3C39F /* Landmark.swift */; };
		5255825929CD4A6900E3C39F /* ModelData.swift in Sources */ = {isa = PBXBuildFile; fileRef = 5255825829CD4A6900E3C39F /* ModelData.swift */; };
		5255825E29CD4C6700E3C39F /* LandmarkRow.swift in Sources */ = {isa = PBXBuildFile; fileRef = 5255825D29CD4C6700E3C39F /* LandmarkRow.swift */; };
		5255826029CD4E0C00E3C39F /* LandmarkList.swift in Sources */ = {isa = PBXBuildFile; fileRef = 5255825F29CD4E0C00E3C39F /* LandmarkList.swift */; };
		5255826229CD4F2F00E3C39F /* LandmarkDetail.swift in Sources */ = {isa = PBXBuildFile; fileRef = 5255826129CD4F2F00E3C39F /* LandmarkDetail.swift */; };
		5255826429CE043600E3C39F /* FavoriteButton.swift in Sources */ = {isa = PBXBuildFile; fileRef = 5255826329CE043600E3C39F /* FavoriteButton.swift */; };
/* End PBXBuildFile section */

/* Begin PBXContainerItemProxy section */
		5255823429CD3B5000E3C39F /* PBXContainerItemProxy */ = {
			isa = PBXContainerItemProxy;
			containerPortal = 5255821B29CD3B4E00E3C39F /* Project object */;
			proxyType = 1;
			remoteGlobalIDString = 5255822229CD3B4E00E3C39F;
			remoteInfo = Landmarks;
		};
		5255823E29CD3B5000E3C39F /* PBXContainerItemProxy */ = {
			isa = PBXContainerItemProxy;
			containerPortal = 5255821B29CD3B4E00E3C39F /* Project object */;
			proxyType = 1;
			remoteGlobalIDString = 5255822229CD3B4E00E3C39F;
			remoteInfo = Landmarks;
		};
/* End PBXContainerItemProxy section */

/* Begin PBXFileReference section */
		5255822329CD3B4E00E3C39F /* Landmarks.app */ = {isa = PBXFileReference; explicitFileType = wrapper.application; includeInIndex = 0; path = Landmarks.app; sourceTree = BUILT_PRODUCTS_DIR; };
		5255822629CD3B4E00E3C39F /* LandmarksApp.swift */ = {isa = PBXFileReference; lastKnownFileType = sourcecode.swift; path = LandmarksApp.swift; sourceTree = "<group>"; };
		5255822829CD3B4E00E3C39F /* ContentView.swift */ = {isa = PBXFileReference; lastKnownFileType = sourcecode.swift; path = ContentView.swift; sourceTree = "<group>"; };
		5255822A29CD3B5000E3C39F /* Assets.xcassets */ = {isa = PBXFileReference; lastKnownFileType = folder.assetcatalog; path = Assets.xcassets; sourceTree = "<group>"; };
		5255822D29CD3B5000E3C39F /* Preview Assets.xcassets */ = {isa = PBXFileReference; lastKnownFileType = folder.assetcatalog; path = "Preview Assets.xcassets"; sourceTree = "<group>"; };
		5255823329CD3B5000E3C39F /* LandmarksTests.xctest */ = {isa = PBXFileReference; explicitFileType = wrapper.cfbundle; includeInIndex = 0; path = LandmarksTests.xctest; sourceTree = BUILT_PRODUCTS_DIR; };
		5255823729CD3B5000E3C39F /* LandmarksTests.swift */ = {isa = PBXFileReference; lastKnownFileType = sourcecode.swift; path = LandmarksTests.swift; sourceTree = "<group>"; };
		5255823D29CD3B5000E3C39F /* LandmarksUITests.xctest */ = {isa = PBXFileReference; explicitFileType = wrapper.cfbundle; includeInIndex = 0; path = LandmarksUITests.xctest; sourceTree = BUILT_PRODUCTS_DIR; };
		5255824129CD3B5000E3C39F /* LandmarksUITests.swift */ = {isa = PBXFileReference; lastKnownFileType = sourcecode.swift; path = LandmarksUITests.swift; sourceTree = "<group>"; };
		5255824329CD3B5000E3C39F /* LandmarksUITestsLaunchTests.swift */ = {isa = PBXFileReference; lastKnownFileType = sourcecode.swift; path = LandmarksUITestsLaunchTests.swift; sourceTree = "<group>"; };
		5255825029CD416900E3C39F /* CircleImage.swift */ = {isa = PBXFileReference; lastKnownFileType = sourcecode.swift; path = CircleImage.swift; sourceTree = "<group>"; };
		5255825229CD427300E3C39F /* MapView.swift */ = {isa = PBXFileReference; lastKnownFileType = sourcecode.swift; path = MapView.swift; sourceTree = "<group>"; };
		5255825429CD47EF00E3C39F /* landmarkData.json */ = {isa = PBXFileReference; fileEncoding = 4; lastKnownFileType = text.json; path = landmarkData.json; sourceTree = "<group>"; };
		5255825629CD483D00E3C39F /* Landmark.swift */ = {isa = PBXFileReference; lastKnownFileType = sourcecode.swift; path = Landmark.swift; sourceTree = "<group>"; };
		5255825829CD4A6900E3C39F /* ModelData.swift */ = {isa = PBXFileReference; lastKnownFileType = sourcecode.swift; path = ModelData.swift; sourceTree = "<group>"; };
		5255825D29CD4C6700E3C39F /* LandmarkRow.swift */ = {isa = PBXFileReference; lastKnownFileType = sourcecode.swift; path = LandmarkRow.swift; sourceTree = "<group>"; };
		5255825F29CD4E0C00E3C39F /* LandmarkList.swift */ = {isa = PBXFileReference; lastKnownFileType = sourcecode.swift; path = LandmarkList.swift; sourceTree = "<group>"; };
		5255826129CD4F2F00E3C39F /* LandmarkDetail.swift */ = {isa = PBXFileReference; lastKnownFileType = sourcecode.swift; path = LandmarkDetail.swift; sourceTree = "<group>"; };
		5255826329CE043600E3C39F /* FavoriteButton.swift */ = {isa = PBXFileReference; lastKnownFileType = sourcecode.swift; path = FavoriteButton.swift; sourceTree = "<group>"; };
/* End PBXFileReference section */

/* Begin PBXFrameworksBuildPhase section */
		5255822029CD3B4E00E3C39F /* Frameworks */ = {
			isa = PBXFrameworksBuildPhase;
			buildActionMask = 2147483647;
			files = (
			);
			runOnlyForDeploymentPostprocessing = 0;
		};
		5255823029CD3B5000E3C39F /* Frameworks */ = {
			isa = PBXFrameworksBuildPhase;
			buildActionMask = 2147483647;
			files = (
			);
			runOnlyForDeploymentPostprocessing = 0;
		};
		5255823A29CD3B5000E3C39F /* Frameworks */ = {
			isa = PBXFrameworksBuildPhase;
			buildActionMask = 2147483647;
			files = (
			);
			runOnlyForDeploymentPostprocessing = 0;
		};
/* End PBXFrameworksBuildPhase section */

/* Begin PBXGroup section */
		5255821A29CD3B4E00E3C39F = {
			isa = PBXGroup;
			children = (
				5255822529CD3B4E00E3C39F /* Landmarks */,
				5255823629CD3B5000E3C39F /* LandmarksTests */,
				5255824029CD3B5000E3C39F /* LandmarksUITests */,
				5255822429CD3B4E00E3C39F /* Products */,
			);
			sourceTree = "<group>";
		};
		5255822429CD3B4E00E3C39F /* Products */ = {
			isa = PBXGroup;
			children = (
				5255822329CD3B4E00E3C39F /* Landmarks.app */,
				5255823329CD3B5000E3C39F /* LandmarksTests.xctest */,
				5255823D29CD3B5000E3C39F /* LandmarksUITests.xctest */,
			);
			name = Products;
			sourceTree = "<group>";
		};
		5255822529CD3B4E00E3C39F /* Landmarks */ = {
			isa = PBXGroup;
			children = (
				5255822629CD3B4E00E3C39F /* LandmarksApp.swift */,
				5255825C29CD4C1500E3C39F /* Resources */,
				5255825B29CD4BF200E3C39F /* Model */,
				5255825A29CD4ACA00E3C39F /* Views */,
				5255822A29CD3B5000E3C39F /* Assets.xcassets */,
				5255822C29CD3B5000E3C39F /* Preview Content */,
			);
			path = Landmarks;
			sourceTree = "<group>";
		};
		5255822C29CD3B5000E3C39F /* Preview Content */ = {
			isa = PBXGroup;
			children = (
				5255822D29CD3B5000E3C39F /* Preview Assets.xcassets */,
			);
			path = "Preview Content";
			sourceTree = "<group>";
		};
		5255823629CD3B5000E3C39F /* LandmarksTests */ = {
			isa = PBXGroup;
			children = (
				5255823729CD3B5000E3C39F /* LandmarksTests.swift */,
			);
			path = LandmarksTests;
			sourceTree = "<group>";
		};
		5255824029CD3B5000E3C39F /* LandmarksUITests */ = {
			isa = PBXGroup;
			children = (
				5255824129CD3B5000E3C39F /* LandmarksUITests.swift */,
				5255824329CD3B5000E3C39F /* LandmarksUITestsLaunchTests.swift */,
			);
			path = LandmarksUITests;
			sourceTree = "<group>";
		};
		5255825A29CD4ACA00E3C39F /* Views */ = {
			isa = PBXGroup;
			children = (
				5255822829CD3B4E00E3C39F /* ContentView.swift */,
				5255826629CE059300E3C39F /* Landmarks */,
				5255826529CE058700E3C39F /* Helpers */,
			);
			path = Views;
			sourceTree = "<group>";
		};
		5255825B29CD4BF200E3C39F /* Model */ = {
			isa = PBXGroup;
			children = (
				5255825629CD483D00E3C39F /* Landmark.swift */,
				5255825829CD4A6900E3C39F /* ModelData.swift */,
			);
			path = Model;
			sourceTree = "<group>";
		};
		5255825C29CD4C1500E3C39F /* Resources */ = {
			isa = PBXGroup;
			children = (
				5255825429CD47EF00E3C39F /* landmarkData.json */,
			);
			path = Resources;
			sourceTree = "<group>";
		};
		5255826529CE058700E3C39F /* Helpers */ = {
			isa = PBXGroup;
			children = (
				5255826329CE043600E3C39F /* FavoriteButton.swift */,
				5255825029CD416900E3C39F /* CircleImage.swift */,
				5255825229CD427300E3C39F /* MapView.swift */,
			);
			path = Helpers;
			sourceTree = "<group>";
		};
		5255826629CE059300E3C39F /* Landmarks */ = {
			isa = PBXGroup;
			children = (
				5255826129CD4F2F00E3C39F /* LandmarkDetail.swift */,
				5255825F29CD4E0C00E3C39F /* LandmarkList.swift */,
				5255825D29CD4C6700E3C39F /* LandmarkRow.swift */,
			);
			path = Landmarks;
			sourceTree = "<group>";
		};
/* End PBXGroup section */

/* Begin PBXNativeTarget section */
		5255822229CD3B4E00E3C39F /* Landmarks */ = {
			isa = PBXNativeTarget;
			buildConfigurationList = 5255824729CD3B5000E3C39F /* Build configuration list for PBXNativeTarget "Landmarks" */;
			buildPhases = (
				5255821F29CD3B4E00E3C39F /* Sources */,
				5255822029CD3B4E00E3C39F /* Frameworks */,
				5255822129CD3B4E00E3C39F /* Resources */,
			);
			buildRules = (
			);
			dependencies = (
			);
			name = Landmarks;
			productName = Landmarks;
			productReference = 5255822329CD3B4E00E3C39F /* Landmarks.app */;
			productType = "com.apple.product-type.application";
		};
		5255823229CD3B5000E3C39F /* LandmarksTests */ = {
			isa = PBXNativeTarget;
			buildConfigurationList = 5255824A29CD3B5000E3C39F /* Build configuration list for PBXNativeTarget "LandmarksTests" */;
			buildPhases = (
				5255822F29CD3B5000E3C39F /* Sources */,
				5255823029CD3B5000E3C39F /* Frameworks */,
				5255823129CD3B5000E3C39F /* Resources */,
			);
			buildRules = (
			);
			dependencies = (
				5255823529CD3B5000E3C39F /* PBXTargetDependency */,
			);
			name = LandmarksTests;
			productName = LandmarksTests;
			productReference = 5255823329CD3B5000E3C39F /* LandmarksTests.xctest */;
			productType = "com.apple.product-type.bundle.unit-test";
		};
		5255823C29CD3B5000E3C39F /* LandmarksUITests */ = {
			isa = PBXNativeTarget;
			buildConfigurationList = 5255824D29CD3B5000E3C39F /* Build configuration list for PBXNativeTarget "LandmarksUITests" */;
			buildPhases = (
				5255823929CD3B5000E3C39F /* Sources */,
				5255823A29CD3B5000E3C39F /* Frameworks */,
				5255823B29CD3B5000E3C39F /* Resources */,
			);
			buildRules = (
			);
			dependencies = (
				5255823F29CD3B5000E3C39F /* PBXTargetDependency */,
			);
			name = LandmarksUITests;
			productName = LandmarksUITests;
			productReference = 5255823D29CD3B5000E3C39F /* LandmarksUITests.xctest */;
			productType = "com.apple.product-type.bundle.ui-testing";
		};
/* End PBXNativeTarget section */

/* Begin PBXProject section */
		5255821B29CD3B4E00E3C39F /* Project object */ = {
			isa = PBXProject;
			attributes = {
				BuildIndependentTargetsInParallel = 1;
				LastSwiftUpdateCheck = 1420;
				LastUpgradeCheck = 1420;
				TargetAttributes = {
					5255822229CD3B4E00E3C39F = {
						CreatedOnToolsVersion = 14.2;
					};
					5255823229CD3B5000E3C39F = {
						CreatedOnToolsVersion = 14.2;
						TestTargetID = 5255822229CD3B4E00E3C39F;
					};
					5255823C29CD3B5000E3C39F = {
						CreatedOnToolsVersion = 14.2;
						TestTargetID = 5255822229CD3B4E00E3C39F;
					};
				};
			};
			buildConfigurationList = 5255821E29CD3B4E00E3C39F /* Build configuration list for PBXProject "Landmarks" */;
			compatibilityVersion = "Xcode 14.0";
			developmentRegion = en;
			hasScannedForEncodings = 0;
			knownRegions = (
				en,
				Base,
			);
			mainGroup = 5255821A29CD3B4E00E3C39F;
			productRefGroup = 5255822429CD3B4E00E3C39F /* Products */;
			projectDirPath = "";
			projectRoot = "";
			targets = (
				5255822229CD3B4E00E3C39F /* Landmarks */,
				5255823229CD3B5000E3C39F /* LandmarksTests */,
				5255823C29CD3B5000E3C39F /* LandmarksUITests */,
			);
		};
/* End PBXProject section */

/* Begin PBXResourcesBuildPhase section */
		5255822129CD3B4E00E3C39F /* Resources */ = {
			isa = PBXResourcesBuildPhase;
			buildActionMask = 2147483647;
			files = (
				5255822E29CD3B5000E3C39F /* Preview Assets.xcassets in Resources */,
				5255822B29CD3B5000E3C39F /* Assets.xcassets in Resources */,
				5255825529CD47EF00E3C39F /* landmarkData.json in Resources */,
			);
			runOnlyForDeploymentPostprocessing = 0;
		};
		5255823129CD3B5000E3C39F /* Resources */ = {
			isa = PBXResourcesBuildPhase;
			buildActionMask = 2147483647;
			files = (
			);
			runOnlyForDeploymentPostprocessing = 0;
		};
		5255823B29CD3B5000E3C39F /* Resources */ = {
			isa = PBXResourcesBuildPhase;
			buildActionMask = 2147483647;
			files = (
			);
			runOnlyForDeploymentPostprocessing = 0;
		};
/* End PBXResourcesBuildPhase section */

/* Begin PBXSourcesBuildPhase section */
		5255821F29CD3B4E00E3C39F /* Sources */ = {
			isa = PBXSourcesBuildPhase;
			buildActionMask = 2147483647;
			files = (
				5255822929CD3B4E00E3C39F /* ContentView.swift in Sources */,
				5255825329CD427300E3C39F /* MapView.swift in Sources */,
				5255822729CD3B4E00E3C39F /* LandmarksApp.swift in Sources */,
				5255826429CE043600E3C39F /* FavoriteButton.swift in Sources */,
				5255826029CD4E0C00E3C39F /* LandmarkList.swift in Sources */,
				5255826229CD4F2F00E3C39F /* LandmarkDetail.swift in Sources */,
				5255825129CD416900E3C39F /* CircleImage.swift in Sources */,
				5255825729CD483D00E3C39F /* Landmark.swift in Sources */,
				5255825E29CD4C6700E3C39F /* LandmarkRow.swift in Sources */,
				5255825929CD4A6900E3C39F /* ModelData.swift in Sources */,
			);
			runOnlyForDeploymentPostprocessing = 0;
		};
		5255822F29CD3B5000E3C39F /* Sources */ = {
			isa = PBXSourcesBuildPhase;
			buildActionMask = 2147483647;
			files = (
				5255823829CD3B5000E3C39F /* LandmarksTests.swift in Sources */,
			);
			runOnlyForDeploymentPostprocessing = 0;
		};
		5255823929CD3B5000E3C39F /* Sources */ = {
			isa = PBXSourcesBuildPhase;
			buildActionMask = 2147483647;
			files = (
				5255824429CD3B5000E3C39F /* LandmarksUITestsLaunchTests.swift in Sources */,
				5255824229CD3B5000E3C39F /* LandmarksUITests.swift in Sources */,
			);
			runOnlyForDeploymentPostprocessing = 0;
		};
/* End PBXSourcesBuildPhase section */

/* Begin PBXTargetDependency section */
		5255823529CD3B5000E3C39F /* PBXTargetDependency */ = {
			isa = PBXTargetDependency;
			target = 5255822229CD3B4E00E3C39F /* Landmarks */;
			targetProxy = 5255823429CD3B5000E3C39F /* PBXContainerItemProxy */;
		};
		5255823F29CD3B5000E3C39F /* PBXTargetDependency */ = {
			isa = PBXTargetDependency;
			target = 5255822229CD3B4E00E3C39F /* Landmarks */;
			targetProxy = 5255823E29CD3B5000E3C39F /* PBXContainerItemProxy */;
		};
/* End PBXTargetDependency section */

/* Begin XCBuildConfiguration section */
		5255824529CD3B5000E3C39F /* Debug */ = {
			isa = XCBuildConfiguration;
			buildSettings = {
				ALWAYS_SEARCH_USER_PATHS = NO;
				CLANG_ANALYZER_NONNULL = YES;
				CLANG_ANALYZER_NUMBER_OBJECT_CONVERSION = YES_AGGRESSIVE;
				CLANG_CXX_LANGUAGE_STANDARD = "gnu++20";
				CLANG_ENABLE_MODULES = YES;
				CLANG_ENABLE_OBJC_ARC = YES;
				CLANG_ENABLE_OBJC_WEAK = YES;
				CLANG_WARN_BLOCK_CAPTURE_AUTORELEASING = YES;
				CLANG_WARN_BOOL_CONVERSION = YES;
				CLANG_WARN_COMMA = YES;
				CLANG_WARN_CONSTANT_CONVERSION = YES;
				CLANG_WARN_DEPRECATED_OBJC_IMPLEMENTATIONS = YES;
				CLANG_WARN_DIRECT_OBJC_ISA_USAGE = YES_ERROR;
				CLANG_WARN_DOCUMENTATION_COMMENTS = YES;
				CLANG_WARN_EMPTY_BODY = YES;
				CLANG_WARN_ENUM_CONVERSION = YES;
				CLANG_WARN_INFINITE_RECURSION = YES;
				CLANG_WARN_INT_CONVERSION = YES;
				CLANG_WARN_NON_LITERAL_NULL_CONVERSION = YES;
				CLANG_WARN_OBJC_IMPLICIT_RETAIN_SELF = YES;
				CLANG_WARN_OBJC_LITERAL_CONVERSION = YES;
				CLANG_WARN_OBJC_ROOT_CLASS = YES_ERROR;
				CLANG_WARN_QUOTED_INCLUDE_IN_FRAMEWORK_HEADER = YES;
				CLANG_WARN_RANGE_LOOP_ANALYSIS = YES;
				CLANG_WARN_STRICT_PROTOTYPES = YES;
				CLANG_WARN_SUSPICIOUS_MOVE = YES;
				CLANG_WARN_UNGUARDED_AVAILABILITY = YES_AGGRESSIVE;
				CLANG_WARN_UNREACHABLE_CODE = YES;
				CLANG_WARN__DUPLICATE_METHOD_MATCH = YES;
				COPY_PHASE_STRIP = NO;
				DEBUG_INFORMATION_FORMAT = dwarf;
				ENABLE_STRICT_OBJC_MSGSEND = YES;
				ENABLE_TESTABILITY = YES;
				GCC_C_LANGUAGE_STANDARD = gnu11;
				GCC_DYNAMIC_NO_PIC = NO;
				GCC_NO_COMMON_BLOCKS = YES;
				GCC_OPTIMIZATION_LEVEL = 0;
				GCC_PREPROCESSOR_DEFINITIONS = (
					"DEBUG=1",
					"$(inherited)",
				);
				GCC_WARN_64_TO_32_BIT_CONVERSION = YES;
				GCC_WARN_ABOUT_RETURN_TYPE = YES_ERROR;
				GCC_WARN_UNDECLARED_SELECTOR = YES;
				GCC_WARN_UNINITIALIZED_AUTOS = YES_AGGRESSIVE;
				GCC_WARN_UNUSED_FUNCTION = YES;
				GCC_WARN_UNUSED_VARIABLE = YES;
				IPHONEOS_DEPLOYMENT_TARGET = 16.2;
				MTL_ENABLE_DEBUG_INFO = INCLUDE_SOURCE;
				MTL_FAST_MATH = YES;
				ONLY_ACTIVE_ARCH = YES;
				SDKROOT = iphoneos;
				SWIFT_ACTIVE_COMPILATION_CONDITIONS = DEBUG;
				SWIFT_OPTIMIZATION_LEVEL = "-Onone";
			};
			name = Debug;
		};
		5255824629CD3B5000E3C39F /* Release */ = {
			isa = XCBuildConfiguration;
			buildSettings = {
				ALWAYS_SEARCH_USER_PATHS = NO;
				CLANG_ANALYZER_NONNULL = YES;
				CLANG_ANALYZER_NUMBER_OBJECT_CONVERSION = YES_AGGRESSIVE;
				CLANG_CXX_LANGUAGE_STANDARD = "gnu++20";
				CLANG_ENABLE_MODULES = YES;
				CLANG_ENABLE_OBJC_ARC = YES;
				CLANG_ENABLE_OBJC_WEAK = YES;
				CLANG_WARN_BLOCK_CAPTURE_AUTORELEASING = YES;
				CLANG_WARN_BOOL_CONVERSION = YES;
				CLANG_WARN_COMMA = YES;
				CLANG_WARN_CONSTANT_CONVERSION = YES;
				CLANG_WARN_DEPRECATED_OBJC_IMPLEMENTATIONS = YES;
				CLANG_WARN_DIRECT_OBJC_ISA_USAGE = YES_ERROR;
				CLANG_WARN_DOCUMENTATION_COMMENTS = YES;
				CLANG_WARN_EMPTY_BODY = YES;
				CLANG_WARN_ENUM_CONVERSION = YES;
				CLANG_WARN_INFINITE_RECURSION = YES;
				CLANG_WARN_INT_CONVERSION = YES;
				CLANG_WARN_NON_LITERAL_NULL_CONVERSION = YES;
				CLANG_WARN_OBJC_IMPLICIT_RETAIN_SELF = YES;
				CLANG_WARN_OBJC_LITERAL_CONVERSION = YES;
				CLANG_WARN_OBJC_ROOT_CLASS = YES_ERROR;
				CLANG_WARN_QUOTED_INCLUDE_IN_FRAMEWORK_HEADER = YES;
				CLANG_WARN_RANGE_LOOP_ANALYSIS = YES;
				CLANG_WARN_STRICT_PROTOTYPES = YES;
				CLANG_WARN_SUSPICIOUS_MOVE = YES;
				CLANG_WARN_UNGUARDED_AVAILABILITY = YES_AGGRESSIVE;
				CLANG_WARN_UNREACHABLE_CODE = YES;
				CLANG_WARN__DUPLICATE_METHOD_MATCH = YES;
				COPY_PHASE_STRIP = NO;
				DEBUG_INFORMATION_FORMAT = "dwarf-with-dsym";
				ENABLE_NS_ASSERTIONS = NO;
				ENABLE_STRICT_OBJC_MSGSEND = YES;
				GCC_C_LANGUAGE_STANDARD = gnu11;
				GCC_NO_COMMON_BLOCKS = YES;
				GCC_WARN_64_TO_32_BIT_CONVERSION = YES;
				GCC_WARN_ABOUT_RETURN_TYPE = YES_ERROR;
				GCC_WARN_UNDECLARED_SELECTOR = YES;
				GCC_WARN_UNINITIALIZED_AUTOS = YES_AGGRESSIVE;
				GCC_WARN_UNUSED_FUNCTION = YES;
				GCC_WARN_UNUSED_VARIABLE = YES;
				IPHONEOS_DEPLOYMENT_TARGET = 16.2;
				MTL_ENABLE_DEBUG_INFO = NO;
				MTL_FAST_MATH = YES;
				SDKROOT = iphoneos;
				SWIFT_COMPILATION_MODE = wholemodule;
				SWIFT_OPTIMIZATION_LEVEL = "-O";
				VALIDATE_PRODUCT = YES;
			};
			name = Release;
		};
		5255824829CD3B5000E3C39F /* Debug */ = {
			isa = XCBuildConfiguration;
			buildSettings = {
				ASSETCATALOG_COMPILER_APPICON_NAME = AppIcon;
				ASSETCATALOG_COMPILER_GLOBAL_ACCENT_COLOR_NAME = AccentColor;
				CODE_SIGN_STYLE = Automatic;
				CURRENT_PROJECT_VERSION = 1;
				DEVELOPMENT_ASSET_PATHS = "\"Landmarks/Preview Content\"";
				DEVELOPMENT_TEAM = H3K43J437F;
				ENABLE_PREVIEWS = YES;
				GENERATE_INFOPLIST_FILE = YES;
				INFOPLIST_KEY_UIApplicationSceneManifest_Generation = YES;
				INFOPLIST_KEY_UIApplicationSupportsIndirectInputEvents = YES;
				INFOPLIST_KEY_UILaunchScreen_Generation = YES;
				INFOPLIST_KEY_UISupportedInterfaceOrientations_iPad = "UIInterfaceOrientationPortrait UIInterfaceOrientationPortraitUpsideDown UIInterfaceOrientationLandscapeLeft UIInterfaceOrientationLandscapeRight";
				INFOPLIST_KEY_UISupportedInterfaceOrientations_iPhone = "UIInterfaceOrientationPortrait UIInterfaceOrientationLandscapeLeft UIInterfaceOrientationLandscapeRight";
				LD_RUNPATH_SEARCH_PATHS = (
					"$(inherited)",
					"@executable_path/Frameworks",
				);
				MARKETING_VERSION = 1.0;
				PRODUCT_BUNDLE_IDENTIFIER = com.Landmarks;
				PRODUCT_NAME = "$(TARGET_NAME)";
				SWIFT_EMIT_LOC_STRINGS = YES;
				SWIFT_VERSION = 5.0;
				TARGETED_DEVICE_FAMILY = "1,2";
			};
			name = Debug;
		};
		5255824929CD3B5000E3C39F /* Release */ = {
			isa = XCBuildConfiguration;
			buildSettings = {
				ASSETCATALOG_COMPILER_APPICON_NAME = AppIcon;
				ASSETCATALOG_COMPILER_GLOBAL_ACCENT_COLOR_NAME = AccentColor;
				CODE_SIGN_STYLE = Automatic;
				CURRENT_PROJECT_VERSION = 1;
				DEVELOPMENT_ASSET_PATHS = "\"Landmarks/Preview Content\"";
				DEVELOPMENT_TEAM = H3K43J437F;
				ENABLE_PREVIEWS = YES;
				GENERATE_INFOPLIST_FILE = YES;
				INFOPLIST_KEY_UIApplicationSceneManifest_Generation = YES;
				INFOPLIST_KEY_UIApplicationSupportsIndirectInputEvents = YES;
				INFOPLIST_KEY_UILaunchScreen_Generation = YES;
				INFOPLIST_KEY_UISupportedInterfaceOrientations_iPad = "UIInterfaceOrientationPortrait UIInterfaceOrientationPortraitUpsideDown UIInterfaceOrientationLandscapeLeft UIInterfaceOrientationLandscapeRight";
				INFOPLIST_KEY_UISupportedInterfaceOrientations_iPhone = "UIInterfaceOrientationPortrait UIInterfaceOrientationLandscapeLeft UIInterfaceOrientationLandscapeRight";
				LD_RUNPATH_SEARCH_PATHS = (
					"$(inherited)",
					"@executable_path/Frameworks",
				);
				MARKETING_VERSION = 1.0;
				PRODUCT_BUNDLE_IDENTIFIER = com.Landmarks;
				PRODUCT_NAME = "$(TARGET_NAME)";
				SWIFT_EMIT_LOC_STRINGS = YES;
				SWIFT_VERSION = 5.0;
				TARGETED_DEVICE_FAMILY = "1,2";
			};
			name = Release;
		};
		5255824B29CD3B5000E3C39F /* Debug */ = {
			isa = XCBuildConfiguration;
			buildSettings = {
				ALWAYS_EMBED_SWIFT_STANDARD_LIBRARIES = YES;
				BUNDLE_LOADER = "$(TEST_HOST)";
				CODE_SIGN_STYLE = Automatic;
				CURRENT_PROJECT_VERSION = 1;
				DEVELOPMENT_TEAM = H3K43J437F;
				GENERATE_INFOPLIST_FILE = YES;
				IPHONEOS_DEPLOYMENT_TARGET = 16.2;
				MARKETING_VERSION = 1.0;
				PRODUCT_BUNDLE_IDENTIFIER = com.LandmarksTests;
				PRODUCT_NAME = "$(TARGET_NAME)";
				SWIFT_EMIT_LOC_STRINGS = NO;
				SWIFT_VERSION = 5.0;
				TARGETED_DEVICE_FAMILY = "1,2";
				TEST_HOST = "$(BUILT_PRODUCTS_DIR)/Landmarks.app/$(BUNDLE_EXECUTABLE_FOLDER_PATH)/Landmarks";
			};
			name = Debug;
		};
		5255824C29CD3B5000E3C39F /* Release */ = {
			isa = XCBuildConfiguration;
			buildSettings = {
				ALWAYS_EMBED_SWIFT_STANDARD_LIBRARIES = YES;
				BUNDLE_LOADER = "$(TEST_HOST)";
				CODE_SIGN_STYLE = Automatic;
				CURRENT_PROJECT_VERSION = 1;
				DEVELOPMENT_TEAM = H3K43J437F;
				GENERATE_INFOPLIST_FILE = YES;
				IPHONEOS_DEPLOYMENT_TARGET = 16.2;
				MARKETING_VERSION = 1.0;
				PRODUCT_BUNDLE_IDENTIFIER = com.LandmarksTests;
				PRODUCT_NAME = "$(TARGET_NAME)";
				SWIFT_EMIT_LOC_STRINGS = NO;
				SWIFT_VERSION = 5.0;
				TARGETED_DEVICE_FAMILY = "1,2";
				TEST_HOST = "$(BUILT_PRODUCTS_DIR)/Landmarks.app/$(BUNDLE_EXECUTABLE_FOLDER_PATH)/Landmarks";
			};
			name = Release;
		};
		5255824E29CD3B5000E3C39F /* Debug */ = {
			isa = XCBuildConfiguration;
			buildSettings = {
				ALWAYS_EMBED_SWIFT_STANDARD_LIBRARIES = YES;
				CODE_SIGN_STYLE = Automatic;
				CURRENT_PROJECT_VERSION = 1;
				DEVELOPMENT_TEAM = H3K43J437F;
				GENERATE_INFOPLIST_FILE = YES;
				MARKETING_VERSION = 1.0;
				PRODUCT_BUNDLE_IDENTIFIER = com.LandmarksUITests;
				PRODUCT_NAME = "$(TARGET_NAME)";
				SWIFT_EMIT_LOC_STRINGS = NO;
				SWIFT_VERSION = 5.0;
				TARGETED_DEVICE_FAMILY = "1,2";
				TEST_TARGET_NAME = Landmarks;
			};
			name = Debug;
		};
		5255824F29CD3B5000E3C39F /* Release */ = {
			isa = XCBuildConfiguration;
			buildSettings = {
				ALWAYS_EMBED_SWIFT_STANDARD_LIBRARIES = YES;
				CODE_SIGN_STYLE = Automatic;
				CURRENT_PROJECT_VERSION = 1;
				DEVELOPMENT_TEAM = H3K43J437F;
				GENERATE_INFOPLIST_FILE = YES;
				MARKETING_VERSION = 1.0;
				PRODUCT_BUNDLE_IDENTIFIER = com.LandmarksUITests;
				PRODUCT_NAME = "$(TARGET_NAME)";
				SWIFT_EMIT_LOC_STRINGS = NO;
				SWIFT_VERSION = 5.0;
				TARGETED_DEVICE_FAMILY = "1,2";
				TEST_TARGET_NAME = Landmarks;
			};
			name = Release;
		};
/* End XCBuildConfiguration section */

/* Begin XCConfigurationList section */
		5255821E29CD3B4E00E3C39F /* Build configuration list for PBXProject "Landmarks" */ = {
			isa = XCConfigurationList;
			buildConfigurations = (
				5255824529CD3B5000E3C39F /* Debug */,
				5255824629CD3B5000E3C39F /* Release */,
			);
			defaultConfigurationIsVisible = 0;
			defaultConfigurationName = Release;
		};
		5255824729CD3B5000E3C39F /* Build configuration list for PBXNativeTarget "Landmarks" */ = {
			isa = XCConfigurationList;
			buildConfigurations = (
				5255824829CD3B5000E3C39F /* Debug */,
				5255824929CD3B5000E3C39F /* Release */,
			);
			defaultConfigurationIsVisible = 0;
			defaultConfigurationName = Release;
		};
		5255824A29CD3B5000E3C39F /* Build configuration list for PBXNativeTarget "LandmarksTests" */ = {
			isa = XCConfigurationList;
			buildConfigurations = (
				5255824B29CD3B5000E3C39F /* Debug */,
				5255824C29CD3B5000E3C39F /* Release */,
			);
			defaultConfigurationIsVisible = 0;
			defaultConfigurationName = Release;
		};
		5255824D29CD3B5000E3C39F /* Build configuration list for PBXNativeTarget "LandmarksUITests" */ = {
			isa = XCConfigurationList;
			buildConfigurations = (
				5255824E29CD3B5000E3C39F /* Debug */,
				5255824F29CD3B5000E3C39F /* Release */,
			);
			defaultConfigurationIsVisible = 0;
			defaultConfigurationName = Release;
		};
/* End XCConfigurationList section */
	};
	rootObject = 5255821B29CD3B4E00E3C39F /* Project object */;
}
